// !$*UTF8*$!
{
	archiveVersion = 1;
	classes = {
	};
	objectVersion = 45;
	objects = {

/* Begin PBXBuildFile section */
		110190C7112B8AB9005436CA /* MountMuzzle.m in Sources */ = {isa = PBXBuildFile; fileRef = 110190C6112B8AB9005436CA /* MountMuzzle.m */; };
		1143ACFA1137ACC10040D909 /* MissileView.m in Sources */ = {isa = PBXBuildFile; fileRef = 1143ACF91137ACC10040D909 /* MissileView.m */; };
		1143ACFD1137ACCF0040D909 /* Missile.m in Sources */ = {isa = PBXBuildFile; fileRef = 1143ACFC1137ACCF0040D909 /* Missile.m */; };
		1172353D11229E05003E9184 /* QuartzCore.framework in Frameworks */ = {isa = PBXBuildFile; fileRef = 1172353C11229E05003E9184 /* QuartzCore.framework */; };
		1176D68A113B8815007409AD /* missile.png in Resources */ = {isa = PBXBuildFile; fileRef = 1176D689113B8815007409AD /* missile.png */; };
		11BD11F91111625D00066A18 /* GunBoundNewCharacterViewController.m in Sources */ = {isa = PBXBuildFile; fileRef = 11BD11F71111625D00066A18 /* GunBoundNewCharacterViewController.m */; };
		11BD11FA1111625D00066A18 /* GunBoundNewCharacterViewController.xib in Resources */ = {isa = PBXBuildFile; fileRef = 11BD11F81111625D00066A18 /* GunBoundNewCharacterViewController.xib */; };
		11BD23381119438400066A18 /* GunBoundGamePlayViewController.m in Sources */ = {isa = PBXBuildFile; fileRef = 11BD23361119438400066A18 /* GunBoundGamePlayViewController.m */; };
		11BD23391119438400066A18 /* GunBoundGamePlayViewController.xib in Resources */ = {isa = PBXBuildFile; fileRef = 11BD23371119438400066A18 /* GunBoundGamePlayViewController.xib */; };
		11BD237A11194D7C00066A18 /* bg01.png in Resources */ = {isa = PBXBuildFile; fileRef = 11BD237711194D7C00066A18 /* bg01.png */; };
		11BD237B11194D7C00066A18 /* btnDown.png in Resources */ = {isa = PBXBuildFile; fileRef = 11BD237811194D7C00066A18 /* btnDown.png */; };
		11BD237C11194D7C00066A18 /* btnUp.png in Resources */ = {isa = PBXBuildFile; fileRef = 11BD237911194D7C00066A18 /* btnUp.png */; };
		11BFAB9A112296C500BC256F /* Mount.m in Sources */ = {isa = PBXBuildFile; fileRef = 11BFAB99112296C500BC256F /* Mount.m */; };
		1D3623260D0F684500981E51 /* iPhoneSandboxAppDelegate.m in Sources */ = {isa = PBXBuildFile; fileRef = 1D3623250D0F684500981E51 /* iPhoneSandboxAppDelegate.m */; };
		1D60589B0D05DD56006BFB54 /* main.m in Sources */ = {isa = PBXBuildFile; fileRef = 29B97316FDCFA39411CA2CEA /* main.m */; };
		1D60589F0D05DD5A006BFB54 /* Foundation.framework in Frameworks */ = {isa = PBXBuildFile; fileRef = 1D30AB110D05D00D00671497 /* Foundation.framework */; };
		1DF5F4E00D08C38300B7A737 /* UIKit.framework in Frameworks */ = {isa = PBXBuildFile; fileRef = 1DF5F4DF0D08C38300B7A737 /* UIKit.framework */; };
		288765A50DF7441C002DB57D /* CoreGraphics.framework in Frameworks */ = {isa = PBXBuildFile; fileRef = 288765A40DF7441C002DB57D /* CoreGraphics.framework */; };
		28AD733F0D9D9553002E5188 /* MainWindow.xib in Resources */ = {isa = PBXBuildFile; fileRef = 28AD733E0D9D9553002E5188 /* MainWindow.xib */; };
		28C3AD8A0F43EF2300507BA6 /* iPhoneSandbox.xcdatamodel in Sources */ = {isa = PBXBuildFile; fileRef = 28C3AD890F43EF2300507BA6 /* iPhoneSandbox.xcdatamodel */; };
		28D801B40F44B63D00FB423F /* CoreData.framework in Frameworks */ = {isa = PBXBuildFile; fileRef = 28D801B30F44B63D00FB423F /* CoreData.framework */; };
		561996101110115F0018BC20 /* 01-refresh.png in Resources */ = {isa = PBXBuildFile; fileRef = 561995A21110115F0018BC20 /* 01-refresh.png */; };
		561996111110115F0018BC20 /* 02-redo.png in Resources */ = {isa = PBXBuildFile; fileRef = 561995A31110115F0018BC20 /* 02-redo.png */; };
		561996121110115F0018BC20 /* 03-loopback.png in Resources */ = {isa = PBXBuildFile; fileRef = 561995A41110115F0018BC20 /* 03-loopback.png */; };
		561996131110115F0018BC20 /* 04-squiggle.png in Resources */ = {isa = PBXBuildFile; fileRef = 561995A51110115F0018BC20 /* 04-squiggle.png */; };
		561996141110115F0018BC20 /* 05-shuffle.png in Resources */ = {isa = PBXBuildFile; fileRef = 561995A61110115F0018BC20 /* 05-shuffle.png */; };
		561996151110115F0018BC20 /* 06-magnifying-glass.png in Resources */ = {isa = PBXBuildFile; fileRef = 561995A71110115F0018BC20 /* 06-magnifying-glass.png */; };
		561996161110115F0018BC20 /* 07-map-marker.png in Resources */ = {isa = PBXBuildFile; fileRef = 561995A81110115F0018BC20 /* 07-map-marker.png */; };
		561996171110115F0018BC20 /* 08-chat.png in Resources */ = {isa = PBXBuildFile; fileRef = 561995A91110115F0018BC20 /* 08-chat.png */; };
		561996181110115F0018BC20 /* 09-chat2.png in Resources */ = {isa = PBXBuildFile; fileRef = 561995AA1110115F0018BC20 /* 09-chat2.png */; };
		561996191110115F0018BC20 /* 10-medical.png in Resources */ = {isa = PBXBuildFile; fileRef = 561995AB1110115F0018BC20 /* 10-medical.png */; };
		5619961A1110115F0018BC20 /* 100-coffee.png in Resources */ = {isa = PBXBuildFile; fileRef = 561995AC1110115F0018BC20 /* 100-coffee.png */; };
		5619961B1110115F0018BC20 /* 101-gameplan.png in Resources */ = {isa = PBXBuildFile; fileRef = 561995AD1110115F0018BC20 /* 101-gameplan.png */; };
		5619961C1110115F0018BC20 /* 102-walk.png in Resources */ = {isa = PBXBuildFile; fileRef = 561995AE1110115F0018BC20 /* 102-walk.png */; };
		5619961D1110115F0018BC20 /* 103-map.png in Resources */ = {isa = PBXBuildFile; fileRef = 561995AF1110115F0018BC20 /* 103-map.png */; };
		5619961E1110115F0018BC20 /* 104-index-cards.png in Resources */ = {isa = PBXBuildFile; fileRef = 561995B01110115F0018BC20 /* 104-index-cards.png */; };
		5619961F1110115F0018BC20 /* 105-piano.png in Resources */ = {isa = PBXBuildFile; fileRef = 561995B11110115F0018BC20 /* 105-piano.png */; };
		561996201110115F0018BC20 /* 106-sliders.png in Resources */ = {isa = PBXBuildFile; fileRef = 561995B21110115F0018BC20 /* 106-sliders.png */; };
		561996211110115F0018BC20 /* 107-widescreen.png in Resources */ = {isa = PBXBuildFile; fileRef = 561995B31110115F0018BC20 /* 107-widescreen.png */; };
		561996221110115F0018BC20 /* 108-badge.png in Resources */ = {isa = PBXBuildFile; fileRef = 561995B41110115F0018BC20 /* 108-badge.png */; };
		561996231110115F0018BC20 /* 109-chicken.png in Resources */ = {isa = PBXBuildFile; fileRef = 561995B51110115F0018BC20 /* 109-chicken.png */; };
		561996241110115F0018BC20 /* 11-clock.png in Resources */ = {isa = PBXBuildFile; fileRef = 561995B61110115F0018BC20 /* 11-clock.png */; };
		561996251110115F0018BC20 /* 110-bug.png in Resources */ = {isa = PBXBuildFile; fileRef = 561995B71110115F0018BC20 /* 110-bug.png */; };
		561996261110115F0018BC20 /* 12-eye.png in Resources */ = {isa = PBXBuildFile; fileRef = 561995B81110115F0018BC20 /* 12-eye.png */; };
		561996271110115F0018BC20 /* 13-target.png in Resources */ = {isa = PBXBuildFile; fileRef = 561995B91110115F0018BC20 /* 13-target.png */; };
		561996281110115F0018BC20 /* 14-tag.png in Resources */ = {isa = PBXBuildFile; fileRef = 561995BA1110115F0018BC20 /* 14-tag.png */; };
		561996291110115F0018BC20 /* 15-tags.png in Resources */ = {isa = PBXBuildFile; fileRef = 561995BB1110115F0018BC20 /* 15-tags.png */; };
		5619962A1110115F0018BC20 /* 16-line-chart.png in Resources */ = {isa = PBXBuildFile; fileRef = 561995BC1110115F0018BC20 /* 16-line-chart.png */; };
		5619962B1110115F0018BC20 /* 17-bar-chart.png in Resources */ = {isa = PBXBuildFile; fileRef = 561995BD1110115F0018BC20 /* 17-bar-chart.png */; };
		5619962C1110115F0018BC20 /* 18-envelope.png in Resources */ = {isa = PBXBuildFile; fileRef = 561995BE1110115F0018BC20 /* 18-envelope.png */; };
		5619962D1110115F0018BC20 /* 19-gear.png in Resources */ = {isa = PBXBuildFile; fileRef = 561995BF1110115F0018BC20 /* 19-gear.png */; };
		5619962E1110115F0018BC20 /* 20-gear2.png in Resources */ = {isa = PBXBuildFile; fileRef = 561995C01110115F0018BC20 /* 20-gear2.png */; };
		5619962F1110115F0018BC20 /* 21-skull.png in Resources */ = {isa = PBXBuildFile; fileRef = 561995C11110115F0018BC20 /* 21-skull.png */; };
		561996301110115F0018BC20 /* 22-skull-n-crossbones.png in Resources */ = {isa = PBXBuildFile; fileRef = 561995C21110115F0018BC20 /* 22-skull-n-crossbones.png */; };
		561996311110115F0018BC20 /* 23-bird.png in Resources */ = {isa = PBXBuildFile; fileRef = 561995C31110115F0018BC20 /* 23-bird.png */; };
		561996321110115F0018BC20 /* 24-gift.png in Resources */ = {isa = PBXBuildFile; fileRef = 561995C41110115F0018BC20 /* 24-gift.png */; };
		561996331110115F0018BC20 /* 25-weather.png in Resources */ = {isa = PBXBuildFile; fileRef = 561995C51110115F0018BC20 /* 25-weather.png */; };
		561996341110115F0018BC20 /* 26-bandaid.png in Resources */ = {isa = PBXBuildFile; fileRef = 561995C61110115F0018BC20 /* 26-bandaid.png */; };
		561996351110115F0018BC20 /* 27-planet.png in Resources */ = {isa = PBXBuildFile; fileRef = 561995C71110115F0018BC20 /* 27-planet.png */; };
		561996361110115F0018BC20 /* 28-star.png in Resources */ = {isa = PBXBuildFile; fileRef = 561995C81110115F0018BC20 /* 28-star.png */; };
		561996371110115F0018BC20 /* 29-heart.png in Resources */ = {isa = PBXBuildFile; fileRef = 561995C91110115F0018BC20 /* 29-heart.png */; };
		561996381110115F0018BC20 /* 30-key.png in Resources */ = {isa = PBXBuildFile; fileRef = 561995CA1110115F0018BC20 /* 30-key.png */; };
		561996391110115F0018BC20 /* 31-ipod.png in Resources */ = {isa = PBXBuildFile; fileRef = 561995CB1110115F0018BC20 /* 31-ipod.png */; };
		5619963A1110115F0018BC20 /* 32-iphone.png in Resources */ = {isa = PBXBuildFile; fileRef = 561995CC1110115F0018BC20 /* 32-iphone.png */; };
		5619963B1110115F0018BC20 /* 33-cabinet.png in Resources */ = {isa = PBXBuildFile; fileRef = 561995CD1110115F0018BC20 /* 33-cabinet.png */; };
		5619963C1110115F0018BC20 /* 34-coffee.png in Resources */ = {isa = PBXBuildFile; fileRef = 561995CE1110115F0018BC20 /* 34-coffee.png */; };
		5619963D1110115F0018BC20 /* 35-shopping-bag.png in Resources */ = {isa = PBXBuildFile; fileRef = 561995CF1110115F0018BC20 /* 35-shopping-bag.png */; };
		5619963E1110115F0018BC20 /* 36-toolbox.png in Resources */ = {isa = PBXBuildFile; fileRef = 561995D01110115F0018BC20 /* 36-toolbox.png */; };
		5619963F1110115F0018BC20 /* 37-suitcase.png in Resources */ = {isa = PBXBuildFile; fileRef = 561995D11110115F0018BC20 /* 37-suitcase.png */; };
		561996401110115F0018BC20 /* 38-airplane.png in Resources */ = {isa = PBXBuildFile; fileRef = 561995D21110115F0018BC20 /* 38-airplane.png */; };
		561996411110115F0018BC20 /* 39-spraycan.png in Resources */ = {isa = PBXBuildFile; fileRef = 561995D31110115F0018BC20 /* 39-spraycan.png */; };
		561996421110115F0018BC20 /* 40-inbox.png in Resources */ = {isa = PBXBuildFile; fileRef = 561995D41110115F0018BC20 /* 40-inbox.png */; };
		561996431110115F0018BC20 /* 41-picture-frame.png in Resources */ = {isa = PBXBuildFile; fileRef = 561995D51110115F0018BC20 /* 41-picture-frame.png */; };
		561996441110115F0018BC20 /* 42-photos.png in Resources */ = {isa = PBXBuildFile; fileRef = 561995D61110115F0018BC20 /* 42-photos.png */; };
		561996451110115F0018BC20 /* 43-film-roll.png in Resources */ = {isa = PBXBuildFile; fileRef = 561995D71110115F0018BC20 /* 43-film-roll.png */; };
		561996461110115F0018BC20 /* 44-shoebox.png in Resources */ = {isa = PBXBuildFile; fileRef = 561995D81110115F0018BC20 /* 44-shoebox.png */; };
		561996471110115F0018BC20 /* 45-movie1.png in Resources */ = {isa = PBXBuildFile; fileRef = 561995D91110115F0018BC20 /* 45-movie1.png */; };
		561996481110115F0018BC20 /* 46-movie2.png in Resources */ = {isa = PBXBuildFile; fileRef = 561995DA1110115F0018BC20 /* 46-movie2.png */; };
		561996491110115F0018BC20 /* 47-fuel.png in Resources */ = {isa = PBXBuildFile; fileRef = 561995DB1110115F0018BC20 /* 47-fuel.png */; };
		5619964A1110115F0018BC20 /* 48-fork-and-knife.png in Resources */ = {isa = PBXBuildFile; fileRef = 561995DC1110115F0018BC20 /* 48-fork-and-knife.png */; };
		5619964B1110115F0018BC20 /* 49-battery.png in Resources */ = {isa = PBXBuildFile; fileRef = 561995DD1110115F0018BC20 /* 49-battery.png */; };
		5619964C1110115F0018BC20 /* 50-beaker.png in Resources */ = {isa = PBXBuildFile; fileRef = 561995DE1110115F0018BC20 /* 50-beaker.png */; };
		5619964D1110115F0018BC20 /* 51-outlet.png in Resources */ = {isa = PBXBuildFile; fileRef = 561995DF1110115F0018BC20 /* 51-outlet.png */; };
		5619964E1110115F0018BC20 /* 52-pinetree.png in Resources */ = {isa = PBXBuildFile; fileRef = 561995E01110115F0018BC20 /* 52-pinetree.png */; };
		5619964F1110115F0018BC20 /* 53-house.png in Resources */ = {isa = PBXBuildFile; fileRef = 561995E11110115F0018BC20 /* 53-house.png */; };
		561996501110115F0018BC20 /* 54-lock.png in Resources */ = {isa = PBXBuildFile; fileRef = 561995E21110115F0018BC20 /* 54-lock.png */; };
		561996511110115F0018BC20 /* 55-network.png in Resources */ = {isa = PBXBuildFile; fileRef = 561995E31110115F0018BC20 /* 55-network.png */; };
		561996521110115F0018BC20 /* 56-cloud.png in Resources */ = {isa = PBXBuildFile; fileRef = 561995E41110115F0018BC20 /* 56-cloud.png */; };
		561996531110115F0018BC20 /* 57-download.png in Resources */ = {isa = PBXBuildFile; fileRef = 561995E51110115F0018BC20 /* 57-download.png */; };
		561996541110115F0018BC20 /* 58-bookmark.png in Resources */ = {isa = PBXBuildFile; fileRef = 561995E61110115F0018BC20 /* 58-bookmark.png */; };
		561996551110115F0018BC20 /* 59-flag.png in Resources */ = {isa = PBXBuildFile; fileRef = 561995E71110115F0018BC20 /* 59-flag.png */; };
		561996561110115F0018BC20 /* 60-signpost.png in Resources */ = {isa = PBXBuildFile; fileRef = 561995E81110115F0018BC20 /* 60-signpost.png */; };
		561996571110115F0018BC20 /* 61-brightness.png in Resources */ = {isa = PBXBuildFile; fileRef = 561995E91110115F0018BC20 /* 61-brightness.png */; };
		561996581110115F0018BC20 /* 62-contrast.png in Resources */ = {isa = PBXBuildFile; fileRef = 561995EA1110115F0018BC20 /* 62-contrast.png */; };
		561996591110115F0018BC20 /* 63-runner.png in Resources */ = {isa = PBXBuildFile; fileRef = 561995EB1110115F0018BC20 /* 63-runner.png */; };
		5619965A1110115F0018BC20 /* 64-zap.png in Resources */ = {isa = PBXBuildFile; fileRef = 561995EC1110115F0018BC20 /* 64-zap.png */; };
		5619965B1110115F0018BC20 /* 65-note.png in Resources */ = {isa = PBXBuildFile; fileRef = 561995ED1110115F0018BC20 /* 65-note.png */; };
		5619965C1110115F0018BC20 /* 66-microphone.png in Resources */ = {isa = PBXBuildFile; fileRef = 561995EE1110115F0018BC20 /* 66-microphone.png */; };
		5619965D1110115F0018BC20 /* 67-tshirt.png in Resources */ = {isa = PBXBuildFile; fileRef = 561995EF1110115F0018BC20 /* 67-tshirt.png */; };
		5619965E1110115F0018BC20 /* 68-paperclip.png in Resources */ = {isa = PBXBuildFile; fileRef = 561995F01110115F0018BC20 /* 68-paperclip.png */; };
		5619965F1110115F0018BC20 /* 69-display.png in Resources */ = {isa = PBXBuildFile; fileRef = 561995F11110115F0018BC20 /* 69-display.png */; };
		561996601110115F0018BC20 /* 70-tv.png in Resources */ = {isa = PBXBuildFile; fileRef = 561995F21110115F0018BC20 /* 70-tv.png */; };
		561996611110115F0018BC20 /* 71-compass.png in Resources */ = {isa = PBXBuildFile; fileRef = 561995F31110115F0018BC20 /* 71-compass.png */; };
		561996621110115F0018BC20 /* 72-pin.png in Resources */ = {isa = PBXBuildFile; fileRef = 561995F41110115F0018BC20 /* 72-pin.png */; };
		561996631110115F0018BC20 /* 73-radar.png in Resources */ = {isa = PBXBuildFile; fileRef = 561995F51110115F0018BC20 /* 73-radar.png */; };
		561996641110115F0018BC20 /* 74-location.png in Resources */ = {isa = PBXBuildFile; fileRef = 561995F61110115F0018BC20 /* 74-location.png */; };
		561996651110115F0018BC20 /* 75-phone.png in Resources */ = {isa = PBXBuildFile; fileRef = 561995F71110115F0018BC20 /* 75-phone.png */; };
		561996661110115F0018BC20 /* 76-baby.png in Resources */ = {isa = PBXBuildFile; fileRef = 561995F81110115F0018BC20 /* 76-baby.png */; };
		561996671110115F0018BC20 /* 77-ekg.png in Resources */ = {isa = PBXBuildFile; fileRef = 561995F91110115F0018BC20 /* 77-ekg.png */; };
		561996681110115F0018BC20 /* 78-stopwatch.png in Resources */ = {isa = PBXBuildFile; fileRef = 561995FA1110115F0018BC20 /* 78-stopwatch.png */; };
		561996691110115F0018BC20 /* 79-medical-bag.png in Resources */ = {isa = PBXBuildFile; fileRef = 561995FB1110115F0018BC20 /* 79-medical-bag.png */; };
		5619966A1110115F0018BC20 /* 80-shopping-cart.png in Resources */ = {isa = PBXBuildFile; fileRef = 561995FC1110115F0018BC20 /* 80-shopping-cart.png */; };
		5619966B1110115F0018BC20 /* 81-dashboard.png in Resources */ = {isa = PBXBuildFile; fileRef = 561995FD1110115F0018BC20 /* 81-dashboard.png */; };
		5619966C1110115F0018BC20 /* 82-dogpaw.png in Resources */ = {isa = PBXBuildFile; fileRef = 561995FE1110115F0018BC20 /* 82-dogpaw.png */; };
		5619966D1110115F0018BC20 /* 83-calendar.png in Resources */ = {isa = PBXBuildFile; fileRef = 561995FF1110115F0018BC20 /* 83-calendar.png */; };
		5619966E1110115F0018BC20 /* 84-lightbulb.png in Resources */ = {isa = PBXBuildFile; fileRef = 561996001110115F0018BC20 /* 84-lightbulb.png */; };
		5619966F1110115F0018BC20 /* 85-trophy.png in Resources */ = {isa = PBXBuildFile; fileRef = 561996011110115F0018BC20 /* 85-trophy.png */; };
		561996701110115F0018BC20 /* 86-camera.png in Resources */ = {isa = PBXBuildFile; fileRef = 561996021110115F0018BC20 /* 86-camera.png */; };
		561996711110115F0018BC20 /* 87-wineglass.png in Resources */ = {isa = PBXBuildFile; fileRef = 561996031110115F0018BC20 /* 87-wineglass.png */; };
		561996721110115F0018BC20 /* 88-beermug.png in Resources */ = {isa = PBXBuildFile; fileRef = 561996041110115F0018BC20 /* 88-beermug.png */; };
		561996731110115F0018BC20 /* 89-dumbbell.png in Resources */ = {isa = PBXBuildFile; fileRef = 561996051110115F0018BC20 /* 89-dumbbell.png */; };
		561996741110115F0018BC20 /* 90-lifebuoy.png in Resources */ = {isa = PBXBuildFile; fileRef = 561996061110115F0018BC20 /* 90-lifebuoy.png */; };
		561996751110115F0018BC20 /* 91-beaker2.png in Resources */ = {isa = PBXBuildFile; fileRef = 561996071110115F0018BC20 /* 91-beaker2.png */; };
		561996761110115F0018BC20 /* 92-testtube.png in Resources */ = {isa = PBXBuildFile; fileRef = 561996081110115F0018BC20 /* 92-testtube.png */; };
		561996771110115F0018BC20 /* 93-thermometer.png in Resources */ = {isa = PBXBuildFile; fileRef = 561996091110115F0018BC20 /* 93-thermometer.png */; };
		561996781110115F0018BC20 /* 94-pill.png in Resources */ = {isa = PBXBuildFile; fileRef = 5619960A1110115F0018BC20 /* 94-pill.png */; };
		561996791110115F0018BC20 /* 95-equalizer.png in Resources */ = {isa = PBXBuildFile; fileRef = 5619960B1110115F0018BC20 /* 95-equalizer.png */; };
		5619967A1110115F0018BC20 /* 96-book.png in Resources */ = {isa = PBXBuildFile; fileRef = 5619960C1110115F0018BC20 /* 96-book.png */; };
		5619967B1110115F0018BC20 /* 97-puzzle.png in Resources */ = {isa = PBXBuildFile; fileRef = 5619960D1110115F0018BC20 /* 97-puzzle.png */; };
		5619967C1110115F0018BC20 /* 98-palette.png in Resources */ = {isa = PBXBuildFile; fileRef = 5619960E1110115F0018BC20 /* 98-palette.png */; };
		5619967D1110115F0018BC20 /* 99-umbrella.png in Resources */ = {isa = PBXBuildFile; fileRef = 5619960F1110115F0018BC20 /* 99-umbrella.png */; };
		561996D9111020B10018BC20 /* mini-apps.plist in Resources */ = {isa = PBXBuildFile; fileRef = 561996D8111020B10018BC20 /* mini-apps.plist */; };
		56199798111033DD0018BC20 /* 1.png in Resources */ = {isa = PBXBuildFile; fileRef = 56199796111033DD0018BC20 /* 1.png */; };
		56199799111033DD0018BC20 /* 2.png in Resources */ = {isa = PBXBuildFile; fileRef = 56199797111033DD0018BC20 /* 2.png */; };
		56BA2F8C111132AD00CB4BDB /* GunboundMainMenuViewController.m in Sources */ = {isa = PBXBuildFile; fileRef = 56BA2F8B111132AD00CB4BDB /* GunboundMainMenuViewController.m */; };
		56BA2F9A1111355700CB4BDB /* GunboundMainMenu.xib in Resources */ = {isa = PBXBuildFile; fileRef = 56BA2F991111355700CB4BDB /* GunboundMainMenu.xib */; };
		6B358D3011198646008B98B8 /* angleArc.png in Resources */ = {isa = PBXBuildFile; fileRef = 6B358D2811198646008B98B8 /* angleArc.png */; };
		6B358D3111198646008B98B8 /* angleArcBtn.png in Resources */ = {isa = PBXBuildFile; fileRef = 6B358D2911198646008B98B8 /* angleArcBtn.png */; };
		6B358D3211198646008B98B8 /* btnExit.png in Resources */ = {isa = PBXBuildFile; fileRef = 6B358D2A11198646008B98B8 /* btnExit.png */; };
		6B358D3311198646008B98B8 /* btnFire.png in Resources */ = {isa = PBXBuildFile; fileRef = 6B358D2B11198646008B98B8 /* btnFire.png */; };
		6B358D3411198646008B98B8 /* btnFirePressed.png in Resources */ = {isa = PBXBuildFile; fileRef = 6B358D2C11198646008B98B8 /* btnFirePressed.png */; };
		6B358D3511198646008B98B8 /* btnMissileSelect.png in Resources */ = {isa = PBXBuildFile; fileRef = 6B358D2D11198646008B98B8 /* btnMissileSelect.png */; };
		6B358D3611198646008B98B8 /* controllerBg.png in Resources */ = {isa = PBXBuildFile; fileRef = 6B358D2E11198646008B98B8 /* controllerBg.png */; };
		6B358D3711198646008B98B8 /* powerGaugeSample.png in Resources */ = {isa = PBXBuildFile; fileRef = 6B358D2F11198646008B98B8 /* powerGaugeSample.png */; };
		6B358D4711198F31008B98B8 /* btnDownPressed.png in Resources */ = {isa = PBXBuildFile; fileRef = 6B358D4511198F31008B98B8 /* btnDownPressed.png */; };
		6B358D4811198F31008B98B8 /* btnUpPressed.png in Resources */ = {isa = PBXBuildFile; fileRef = 6B358D4611198F31008B98B8 /* btnUpPressed.png */; };
		6B358D4E1119917B008B98B8 /* btnMissileSelectPressed.png in Resources */ = {isa = PBXBuildFile; fileRef = 6B358D4D1119917B008B98B8 /* btnMissileSelectPressed.png */; };
/* End PBXBuildFile section */

/* Begin PBXFileReference section */
		110190C5112B8AB9005436CA /* MountMuzzle.h */ = {isa = PBXFileReference; fileEncoding = 4; lastKnownFileType = sourcecode.c.h; path = MountMuzzle.h; sourceTree = "<group>"; };
		110190C6112B8AB9005436CA /* MountMuzzle.m */ = {isa = PBXFileReference; fileEncoding = 4; lastKnownFileType = sourcecode.c.objc; path = MountMuzzle.m; sourceTree = "<group>"; };
		1143ACF81137ACC10040D909 /* MissileView.h */ = {isa = PBXFileReference; fileEncoding = 4; lastKnownFileType = sourcecode.c.h; path = MissileView.h; sourceTree = "<group>"; };
		1143ACF91137ACC10040D909 /* MissileView.m */ = {isa = PBXFileReference; fileEncoding = 4; lastKnownFileType = sourcecode.c.objc; path = MissileView.m; sourceTree = "<group>"; };
		1143ACFB1137ACCF0040D909 /* Missile.h */ = {isa = PBXFileReference; fileEncoding = 4; lastKnownFileType = sourcecode.c.h; path = Missile.h; sourceTree = "<group>"; };
		1143ACFC1137ACCF0040D909 /* Missile.m */ = {isa = PBXFileReference; fileEncoding = 4; lastKnownFileType = sourcecode.c.objc; path = Missile.m; sourceTree = "<group>"; };
		1172353C11229E05003E9184 /* QuartzCore.framework */ = {isa = PBXFileReference; lastKnownFileType = wrapper.framework; name = QuartzCore.framework; path = System/Library/Frameworks/QuartzCore.framework; sourceTree = SDKROOT; };
		1176D689113B8815007409AD /* missile.png */ = {isa = PBXFileReference; lastKnownFileType = image.png; path = missile.png; sourceTree = "<group>"; };
		11BD11F61111625D00066A18 /* GunBoundNewCharacterViewController.h */ = {isa = PBXFileReference; fileEncoding = 4; lastKnownFileType = sourcecode.c.h; path = GunBoundNewCharacterViewController.h; sourceTree = "<group>"; };
		11BD11F71111625D00066A18 /* GunBoundNewCharacterViewController.m */ = {isa = PBXFileReference; fileEncoding = 4; lastKnownFileType = sourcecode.c.objc; path = GunBoundNewCharacterViewController.m; sourceTree = "<group>"; };
		11BD11F81111625D00066A18 /* GunBoundNewCharacterViewController.xib */ = {isa = PBXFileReference; lastKnownFileType = file.xib; name = GunBoundNewCharacterViewController.xib; path = Classes/GunBoundNewCharacterViewController.xib; sourceTree = "<group>"; };
		11BD23351119438400066A18 /* GunBoundGamePlayViewController.h */ = {isa = PBXFileReference; fileEncoding = 4; lastKnownFileType = sourcecode.c.h; path = GunBoundGamePlayViewController.h; sourceTree = "<group>"; };
		11BD23361119438400066A18 /* GunBoundGamePlayViewController.m */ = {isa = PBXFileReference; fileEncoding = 4; lastKnownFileType = sourcecode.c.objc; path = GunBoundGamePlayViewController.m; sourceTree = "<group>"; };
		11BD23371119438400066A18 /* GunBoundGamePlayViewController.xib */ = {isa = PBXFileReference; lastKnownFileType = file.xib; name = GunBoundGamePlayViewController.xib; path = Classes/GunBoundGamePlayViewController.xib; sourceTree = "<group>"; };
		11BD237711194D7C00066A18 /* bg01.png */ = {isa = PBXFileReference; lastKnownFileType = image.png; path = bg01.png; sourceTree = "<group>"; };
		11BD237811194D7C00066A18 /* btnDown.png */ = {isa = PBXFileReference; lastKnownFileType = image.png; path = btnDown.png; sourceTree = "<group>"; };
		11BD237911194D7C00066A18 /* btnUp.png */ = {isa = PBXFileReference; lastKnownFileType = image.png; path = btnUp.png; sourceTree = "<group>"; };
		11BFAB98112296C500BC256F /* Mount.h */ = {isa = PBXFileReference; fileEncoding = 4; lastKnownFileType = sourcecode.c.h; path = Mount.h; sourceTree = "<group>"; };
		11BFAB99112296C500BC256F /* Mount.m */ = {isa = PBXFileReference; fileEncoding = 4; lastKnownFileType = sourcecode.c.objc; path = Mount.m; sourceTree = "<group>"; };
		1D30AB110D05D00D00671497 /* Foundation.framework */ = {isa = PBXFileReference; lastKnownFileType = wrapper.framework; name = Foundation.framework; path = System/Library/Frameworks/Foundation.framework; sourceTree = SDKROOT; };
		1D3623240D0F684500981E51 /* iPhoneSandboxAppDelegate.h */ = {isa = PBXFileReference; fileEncoding = 4; lastKnownFileType = sourcecode.c.h; path = iPhoneSandboxAppDelegate.h; sourceTree = "<group>"; };
		1D3623250D0F684500981E51 /* iPhoneSandboxAppDelegate.m */ = {isa = PBXFileReference; fileEncoding = 4; lastKnownFileType = sourcecode.c.objc; path = iPhoneSandboxAppDelegate.m; sourceTree = "<group>"; };
		1D6058910D05DD3D006BFB54 /* iPhoneSandbox.app */ = {isa = PBXFileReference; explicitFileType = wrapper.application; includeInIndex = 0; path = iPhoneSandbox.app; sourceTree = BUILT_PRODUCTS_DIR; };
		1DF5F4DF0D08C38300B7A737 /* UIKit.framework */ = {isa = PBXFileReference; lastKnownFileType = wrapper.framework; name = UIKit.framework; path = System/Library/Frameworks/UIKit.framework; sourceTree = SDKROOT; };
		288765A40DF7441C002DB57D /* CoreGraphics.framework */ = {isa = PBXFileReference; lastKnownFileType = wrapper.framework; name = CoreGraphics.framework; path = System/Library/Frameworks/CoreGraphics.framework; sourceTree = SDKROOT; };
		28AD733E0D9D9553002E5188 /* MainWindow.xib */ = {isa = PBXFileReference; lastKnownFileType = file.xib; path = MainWindow.xib; sourceTree = "<group>"; };
		28C3AD890F43EF2300507BA6 /* iPhoneSandbox.xcdatamodel */ = {isa = PBXFileReference; fileEncoding = 4; lastKnownFileType = wrapper.xcdatamodel; path = iPhoneSandbox.xcdatamodel; sourceTree = "<group>"; };
		28D801B30F44B63D00FB423F /* CoreData.framework */ = {isa = PBXFileReference; lastKnownFileType = wrapper.framework; name = CoreData.framework; path = System/Library/Frameworks/CoreData.framework; sourceTree = SDKROOT; };
		29B97316FDCFA39411CA2CEA /* main.m */ = {isa = PBXFileReference; fileEncoding = 4; lastKnownFileType = sourcecode.c.objc; path = main.m; sourceTree = "<group>"; };
		32CA4F630368D1EE00C91783 /* iPhoneSandbox_Prefix.pch */ = {isa = PBXFileReference; fileEncoding = 4; lastKnownFileType = sourcecode.c.h; path = iPhoneSandbox_Prefix.pch; sourceTree = "<group>"; };
		561995A21110115F0018BC20 /* 01-refresh.png */ = {isa = PBXFileReference; lastKnownFileType = image.png; path = "01-refresh.png"; sourceTree = "<group>"; };
		561995A31110115F0018BC20 /* 02-redo.png */ = {isa = PBXFileReference; lastKnownFileType = image.png; path = "02-redo.png"; sourceTree = "<group>"; };
		561995A41110115F0018BC20 /* 03-loopback.png */ = {isa = PBXFileReference; lastKnownFileType = image.png; path = "03-loopback.png"; sourceTree = "<group>"; };
		561995A51110115F0018BC20 /* 04-squiggle.png */ = {isa = PBXFileReference; lastKnownFileType = image.png; path = "04-squiggle.png"; sourceTree = "<group>"; };
		561995A61110115F0018BC20 /* 05-shuffle.png */ = {isa = PBXFileReference; lastKnownFileType = image.png; path = "05-shuffle.png"; sourceTree = "<group>"; };
		561995A71110115F0018BC20 /* 06-magnifying-glass.png */ = {isa = PBXFileReference; lastKnownFileType = image.png; path = "06-magnifying-glass.png"; sourceTree = "<group>"; };
		561995A81110115F0018BC20 /* 07-map-marker.png */ = {isa = PBXFileReference; lastKnownFileType = image.png; path = "07-map-marker.png"; sourceTree = "<group>"; };
		561995A91110115F0018BC20 /* 08-chat.png */ = {isa = PBXFileReference; lastKnownFileType = image.png; path = "08-chat.png"; sourceTree = "<group>"; };
		561995AA1110115F0018BC20 /* 09-chat2.png */ = {isa = PBXFileReference; lastKnownFileType = image.png; path = "09-chat2.png"; sourceTree = "<group>"; };
		561995AB1110115F0018BC20 /* 10-medical.png */ = {isa = PBXFileReference; lastKnownFileType = image.png; path = "10-medical.png"; sourceTree = "<group>"; };
		561995AC1110115F0018BC20 /* 100-coffee.png */ = {isa = PBXFileReference; lastKnownFileType = image.png; path = "100-coffee.png"; sourceTree = "<group>"; };
		561995AD1110115F0018BC20 /* 101-gameplan.png */ = {isa = PBXFileReference; lastKnownFileType = image.png; path = "101-gameplan.png"; sourceTree = "<group>"; };
		561995AE1110115F0018BC20 /* 102-walk.png */ = {isa = PBXFileReference; lastKnownFileType = image.png; path = "102-walk.png"; sourceTree = "<group>"; };
		561995AF1110115F0018BC20 /* 103-map.png */ = {isa = PBXFileReference; lastKnownFileType = image.png; path = "103-map.png"; sourceTree = "<group>"; };
		561995B01110115F0018BC20 /* 104-index-cards.png */ = {isa = PBXFileReference; lastKnownFileType = image.png; path = "104-index-cards.png"; sourceTree = "<group>"; };
		561995B11110115F0018BC20 /* 105-piano.png */ = {isa = PBXFileReference; lastKnownFileType = image.png; path = "105-piano.png"; sourceTree = "<group>"; };
		561995B21110115F0018BC20 /* 106-sliders.png */ = {isa = PBXFileReference; lastKnownFileType = image.png; path = "106-sliders.png"; sourceTree = "<group>"; };
		561995B31110115F0018BC20 /* 107-widescreen.png */ = {isa = PBXFileReference; lastKnownFileType = image.png; path = "107-widescreen.png"; sourceTree = "<group>"; };
		561995B41110115F0018BC20 /* 108-badge.png */ = {isa = PBXFileReference; lastKnownFileType = image.png; path = "108-badge.png"; sourceTree = "<group>"; };
		561995B51110115F0018BC20 /* 109-chicken.png */ = {isa = PBXFileReference; lastKnownFileType = image.png; path = "109-chicken.png"; sourceTree = "<group>"; };
		561995B61110115F0018BC20 /* 11-clock.png */ = {isa = PBXFileReference; lastKnownFileType = image.png; path = "11-clock.png"; sourceTree = "<group>"; };
		561995B71110115F0018BC20 /* 110-bug.png */ = {isa = PBXFileReference; lastKnownFileType = image.png; path = "110-bug.png"; sourceTree = "<group>"; };
		561995B81110115F0018BC20 /* 12-eye.png */ = {isa = PBXFileReference; lastKnownFileType = image.png; path = "12-eye.png"; sourceTree = "<group>"; };
		561995B91110115F0018BC20 /* 13-target.png */ = {isa = PBXFileReference; lastKnownFileType = image.png; path = "13-target.png"; sourceTree = "<group>"; };
		561995BA1110115F0018BC20 /* 14-tag.png */ = {isa = PBXFileReference; lastKnownFileType = image.png; path = "14-tag.png"; sourceTree = "<group>"; };
		561995BB1110115F0018BC20 /* 15-tags.png */ = {isa = PBXFileReference; lastKnownFileType = image.png; path = "15-tags.png"; sourceTree = "<group>"; };
		561995BC1110115F0018BC20 /* 16-line-chart.png */ = {isa = PBXFileReference; lastKnownFileType = image.png; path = "16-line-chart.png"; sourceTree = "<group>"; };
		561995BD1110115F0018BC20 /* 17-bar-chart.png */ = {isa = PBXFileReference; lastKnownFileType = image.png; path = "17-bar-chart.png"; sourceTree = "<group>"; };
		561995BE1110115F0018BC20 /* 18-envelope.png */ = {isa = PBXFileReference; lastKnownFileType = image.png; path = "18-envelope.png"; sourceTree = "<group>"; };
		561995BF1110115F0018BC20 /* 19-gear.png */ = {isa = PBXFileReference; lastKnownFileType = image.png; path = "19-gear.png"; sourceTree = "<group>"; };
		561995C01110115F0018BC20 /* 20-gear2.png */ = {isa = PBXFileReference; lastKnownFileType = image.png; path = "20-gear2.png"; sourceTree = "<group>"; };
		561995C11110115F0018BC20 /* 21-skull.png */ = {isa = PBXFileReference; lastKnownFileType = image.png; path = "21-skull.png"; sourceTree = "<group>"; };
		561995C21110115F0018BC20 /* 22-skull-n-crossbones.png */ = {isa = PBXFileReference; lastKnownFileType = image.png; path = "22-skull-n-crossbones.png"; sourceTree = "<group>"; };
		561995C31110115F0018BC20 /* 23-bird.png */ = {isa = PBXFileReference; lastKnownFileType = image.png; path = "23-bird.png"; sourceTree = "<group>"; };
		561995C41110115F0018BC20 /* 24-gift.png */ = {isa = PBXFileReference; lastKnownFileType = image.png; path = "24-gift.png"; sourceTree = "<group>"; };
		561995C51110115F0018BC20 /* 25-weather.png */ = {isa = PBXFileReference; lastKnownFileType = image.png; path = "25-weather.png"; sourceTree = "<group>"; };
		561995C61110115F0018BC20 /* 26-bandaid.png */ = {isa = PBXFileReference; lastKnownFileType = image.png; path = "26-bandaid.png"; sourceTree = "<group>"; };
		561995C71110115F0018BC20 /* 27-planet.png */ = {isa = PBXFileReference; lastKnownFileType = image.png; path = "27-planet.png"; sourceTree = "<group>"; };
		561995C81110115F0018BC20 /* 28-star.png */ = {isa = PBXFileReference; lastKnownFileType = image.png; path = "28-star.png"; sourceTree = "<group>"; };
		561995C91110115F0018BC20 /* 29-heart.png */ = {isa = PBXFileReference; lastKnownFileType = image.png; path = "29-heart.png"; sourceTree = "<group>"; };
		561995CA1110115F0018BC20 /* 30-key.png */ = {isa = PBXFileReference; lastKnownFileType = image.png; path = "30-key.png"; sourceTree = "<group>"; };
		561995CB1110115F0018BC20 /* 31-ipod.png */ = {isa = PBXFileReference; lastKnownFileType = image.png; path = "31-ipod.png"; sourceTree = "<group>"; };
		561995CC1110115F0018BC20 /* 32-iphone.png */ = {isa = PBXFileReference; lastKnownFileType = image.png; path = "32-iphone.png"; sourceTree = "<group>"; };
		561995CD1110115F0018BC20 /* 33-cabinet.png */ = {isa = PBXFileReference; lastKnownFileType = image.png; path = "33-cabinet.png"; sourceTree = "<group>"; };
		561995CE1110115F0018BC20 /* 34-coffee.png */ = {isa = PBXFileReference; lastKnownFileType = image.png; path = "34-coffee.png"; sourceTree = "<group>"; };
		561995CF1110115F0018BC20 /* 35-shopping-bag.png */ = {isa = PBXFileReference; lastKnownFileType = image.png; path = "35-shopping-bag.png"; sourceTree = "<group>"; };
		561995D01110115F0018BC20 /* 36-toolbox.png */ = {isa = PBXFileReference; lastKnownFileType = image.png; path = "36-toolbox.png"; sourceTree = "<group>"; };
		561995D11110115F0018BC20 /* 37-suitcase.png */ = {isa = PBXFileReference; lastKnownFileType = image.png; path = "37-suitcase.png"; sourceTree = "<group>"; };
		561995D21110115F0018BC20 /* 38-airplane.png */ = {isa = PBXFileReference; lastKnownFileType = image.png; path = "38-airplane.png"; sourceTree = "<group>"; };
		561995D31110115F0018BC20 /* 39-spraycan.png */ = {isa = PBXFileReference; lastKnownFileType = image.png; path = "39-spraycan.png"; sourceTree = "<group>"; };
		561995D41110115F0018BC20 /* 40-inbox.png */ = {isa = PBXFileReference; lastKnownFileType = image.png; path = "40-inbox.png"; sourceTree = "<group>"; };
		561995D51110115F0018BC20 /* 41-picture-frame.png */ = {isa = PBXFileReference; lastKnownFileType = image.png; path = "41-picture-frame.png"; sourceTree = "<group>"; };
		561995D61110115F0018BC20 /* 42-photos.png */ = {isa = PBXFileReference; lastKnownFileType = image.png; path = "42-photos.png"; sourceTree = "<group>"; };
		561995D71110115F0018BC20 /* 43-film-roll.png */ = {isa = PBXFileReference; lastKnownFileType = image.png; path = "43-film-roll.png"; sourceTree = "<group>"; };
		561995D81110115F0018BC20 /* 44-shoebox.png */ = {isa = PBXFileReference; lastKnownFileType = image.png; path = "44-shoebox.png"; sourceTree = "<group>"; };
		561995D91110115F0018BC20 /* 45-movie1.png */ = {isa = PBXFileReference; lastKnownFileType = image.png; path = "45-movie1.png"; sourceTree = "<group>"; };
		561995DA1110115F0018BC20 /* 46-movie2.png */ = {isa = PBXFileReference; lastKnownFileType = image.png; path = "46-movie2.png"; sourceTree = "<group>"; };
		561995DB1110115F0018BC20 /* 47-fuel.png */ = {isa = PBXFileReference; lastKnownFileType = image.png; path = "47-fuel.png"; sourceTree = "<group>"; };
		561995DC1110115F0018BC20 /* 48-fork-and-knife.png */ = {isa = PBXFileReference; lastKnownFileType = image.png; path = "48-fork-and-knife.png"; sourceTree = "<group>"; };
		561995DD1110115F0018BC20 /* 49-battery.png */ = {isa = PBXFileReference; lastKnownFileType = image.png; path = "49-battery.png"; sourceTree = "<group>"; };
		561995DE1110115F0018BC20 /* 50-beaker.png */ = {isa = PBXFileReference; lastKnownFileType = image.png; path = "50-beaker.png"; sourceTree = "<group>"; };
		561995DF1110115F0018BC20 /* 51-outlet.png */ = {isa = PBXFileReference; lastKnownFileType = image.png; path = "51-outlet.png"; sourceTree = "<group>"; };
		561995E01110115F0018BC20 /* 52-pinetree.png */ = {isa = PBXFileReference; lastKnownFileType = image.png; path = "52-pinetree.png"; sourceTree = "<group>"; };
		561995E11110115F0018BC20 /* 53-house.png */ = {isa = PBXFileReference; lastKnownFileType = image.png; path = "53-house.png"; sourceTree = "<group>"; };
		561995E21110115F0018BC20 /* 54-lock.png */ = {isa = PBXFileReference; lastKnownFileType = image.png; path = "54-lock.png"; sourceTree = "<group>"; };
		561995E31110115F0018BC20 /* 55-network.png */ = {isa = PBXFileReference; lastKnownFileType = image.png; path = "55-network.png"; sourceTree = "<group>"; };
		561995E41110115F0018BC20 /* 56-cloud.png */ = {isa = PBXFileReference; lastKnownFileType = image.png; path = "56-cloud.png"; sourceTree = "<group>"; };
		561995E51110115F0018BC20 /* 57-download.png */ = {isa = PBXFileReference; lastKnownFileType = image.png; path = "57-download.png"; sourceTree = "<group>"; };
		561995E61110115F0018BC20 /* 58-bookmark.png */ = {isa = PBXFileReference; lastKnownFileType = image.png; path = "58-bookmark.png"; sourceTree = "<group>"; };
		561995E71110115F0018BC20 /* 59-flag.png */ = {isa = PBXFileReference; lastKnownFileType = image.png; path = "59-flag.png"; sourceTree = "<group>"; };
		561995E81110115F0018BC20 /* 60-signpost.png */ = {isa = PBXFileReference; lastKnownFileType = image.png; path = "60-signpost.png"; sourceTree = "<group>"; };
		561995E91110115F0018BC20 /* 61-brightness.png */ = {isa = PBXFileReference; lastKnownFileType = image.png; path = "61-brightness.png"; sourceTree = "<group>"; };
		561995EA1110115F0018BC20 /* 62-contrast.png */ = {isa = PBXFileReference; lastKnownFileType = image.png; path = "62-contrast.png"; sourceTree = "<group>"; };
		561995EB1110115F0018BC20 /* 63-runner.png */ = {isa = PBXFileReference; lastKnownFileType = image.png; path = "63-runner.png"; sourceTree = "<group>"; };
		561995EC1110115F0018BC20 /* 64-zap.png */ = {isa = PBXFileReference; lastKnownFileType = image.png; path = "64-zap.png"; sourceTree = "<group>"; };
		561995ED1110115F0018BC20 /* 65-note.png */ = {isa = PBXFileReference; lastKnownFileType = image.png; path = "65-note.png"; sourceTree = "<group>"; };
		561995EE1110115F0018BC20 /* 66-microphone.png */ = {isa = PBXFileReference; lastKnownFileType = image.png; path = "66-microphone.png"; sourceTree = "<group>"; };
		561995EF1110115F0018BC20 /* 67-tshirt.png */ = {isa = PBXFileReference; lastKnownFileType = image.png; path = "67-tshirt.png"; sourceTree = "<group>"; };
		561995F01110115F0018BC20 /* 68-paperclip.png */ = {isa = PBXFileReference; lastKnownFileType = image.png; path = "68-paperclip.png"; sourceTree = "<group>"; };
		561995F11110115F0018BC20 /* 69-display.png */ = {isa = PBXFileReference; lastKnownFileType = image.png; path = "69-display.png"; sourceTree = "<group>"; };
		561995F21110115F0018BC20 /* 70-tv.png */ = {isa = PBXFileReference; lastKnownFileType = image.png; path = "70-tv.png"; sourceTree = "<group>"; };
		561995F31110115F0018BC20 /* 71-compass.png */ = {isa = PBXFileReference; lastKnownFileType = image.png; path = "71-compass.png"; sourceTree = "<group>"; };
		561995F41110115F0018BC20 /* 72-pin.png */ = {isa = PBXFileReference; lastKnownFileType = image.png; path = "72-pin.png"; sourceTree = "<group>"; };
		561995F51110115F0018BC20 /* 73-radar.png */ = {isa = PBXFileReference; lastKnownFileType = image.png; path = "73-radar.png"; sourceTree = "<group>"; };
		561995F61110115F0018BC20 /* 74-location.png */ = {isa = PBXFileReference; lastKnownFileType = image.png; path = "74-location.png"; sourceTree = "<group>"; };
		561995F71110115F0018BC20 /* 75-phone.png */ = {isa = PBXFileReference; lastKnownFileType = image.png; path = "75-phone.png"; sourceTree = "<group>"; };
		561995F81110115F0018BC20 /* 76-baby.png */ = {isa = PBXFileReference; lastKnownFileType = image.png; path = "76-baby.png"; sourceTree = "<group>"; };
		561995F91110115F0018BC20 /* 77-ekg.png */ = {isa = PBXFileReference; lastKnownFileType = image.png; path = "77-ekg.png"; sourceTree = "<group>"; };
		561995FA1110115F0018BC20 /* 78-stopwatch.png */ = {isa = PBXFileReference; lastKnownFileType = image.png; path = "78-stopwatch.png"; sourceTree = "<group>"; };
		561995FB1110115F0018BC20 /* 79-medical-bag.png */ = {isa = PBXFileReference; lastKnownFileType = image.png; path = "79-medical-bag.png"; sourceTree = "<group>"; };
		561995FC1110115F0018BC20 /* 80-shopping-cart.png */ = {isa = PBXFileReference; lastKnownFileType = image.png; path = "80-shopping-cart.png"; sourceTree = "<group>"; };
		561995FD1110115F0018BC20 /* 81-dashboard.png */ = {isa = PBXFileReference; lastKnownFileType = image.png; path = "81-dashboard.png"; sourceTree = "<group>"; };
		561995FE1110115F0018BC20 /* 82-dogpaw.png */ = {isa = PBXFileReference; lastKnownFileType = image.png; path = "82-dogpaw.png"; sourceTree = "<group>"; };
		561995FF1110115F0018BC20 /* 83-calendar.png */ = {isa = PBXFileReference; lastKnownFileType = image.png; path = "83-calendar.png"; sourceTree = "<group>"; };
		561996001110115F0018BC20 /* 84-lightbulb.png */ = {isa = PBXFileReference; lastKnownFileType = image.png; path = "84-lightbulb.png"; sourceTree = "<group>"; };
		561996011110115F0018BC20 /* 85-trophy.png */ = {isa = PBXFileReference; lastKnownFileType = image.png; path = "85-trophy.png"; sourceTree = "<group>"; };
		561996021110115F0018BC20 /* 86-camera.png */ = {isa = PBXFileReference; lastKnownFileType = image.png; path = "86-camera.png"; sourceTree = "<group>"; };
		561996031110115F0018BC20 /* 87-wineglass.png */ = {isa = PBXFileReference; lastKnownFileType = image.png; path = "87-wineglass.png"; sourceTree = "<group>"; };
		561996041110115F0018BC20 /* 88-beermug.png */ = {isa = PBXFileReference; lastKnownFileType = image.png; path = "88-beermug.png"; sourceTree = "<group>"; };
		561996051110115F0018BC20 /* 89-dumbbell.png */ = {isa = PBXFileReference; lastKnownFileType = image.png; path = "89-dumbbell.png"; sourceTree = "<group>"; };
		561996061110115F0018BC20 /* 90-lifebuoy.png */ = {isa = PBXFileReference; lastKnownFileType = image.png; path = "90-lifebuoy.png"; sourceTree = "<group>"; };
		561996071110115F0018BC20 /* 91-beaker2.png */ = {isa = PBXFileReference; lastKnownFileType = image.png; path = "91-beaker2.png"; sourceTree = "<group>"; };
		561996081110115F0018BC20 /* 92-testtube.png */ = {isa = PBXFileReference; lastKnownFileType = image.png; path = "92-testtube.png"; sourceTree = "<group>"; };
		561996091110115F0018BC20 /* 93-thermometer.png */ = {isa = PBXFileReference; lastKnownFileType = image.png; path = "93-thermometer.png"; sourceTree = "<group>"; };
		5619960A1110115F0018BC20 /* 94-pill.png */ = {isa = PBXFileReference; lastKnownFileType = image.png; path = "94-pill.png"; sourceTree = "<group>"; };
		5619960B1110115F0018BC20 /* 95-equalizer.png */ = {isa = PBXFileReference; lastKnownFileType = image.png; path = "95-equalizer.png"; sourceTree = "<group>"; };
		5619960C1110115F0018BC20 /* 96-book.png */ = {isa = PBXFileReference; lastKnownFileType = image.png; path = "96-book.png"; sourceTree = "<group>"; };
		5619960D1110115F0018BC20 /* 97-puzzle.png */ = {isa = PBXFileReference; lastKnownFileType = image.png; path = "97-puzzle.png"; sourceTree = "<group>"; };
		5619960E1110115F0018BC20 /* 98-palette.png */ = {isa = PBXFileReference; lastKnownFileType = image.png; path = "98-palette.png"; sourceTree = "<group>"; };
		5619960F1110115F0018BC20 /* 99-umbrella.png */ = {isa = PBXFileReference; lastKnownFileType = image.png; path = "99-umbrella.png"; sourceTree = "<group>"; };
		561996D8111020B10018BC20 /* mini-apps.plist */ = {isa = PBXFileReference; fileEncoding = 4; lastKnownFileType = text.plist.xml; path = "mini-apps.plist"; sourceTree = "<group>"; };
		56199796111033DD0018BC20 /* 1.png */ = {isa = PBXFileReference; lastKnownFileType = image.png; path = 1.png; sourceTree = "<group>"; };
		56199797111033DD0018BC20 /* 2.png */ = {isa = PBXFileReference; lastKnownFileType = image.png; path = 2.png; sourceTree = "<group>"; };
		56BA2F8A111132AD00CB4BDB /* GunboundMainMenuViewController.h */ = {isa = PBXFileReference; fileEncoding = 4; lastKnownFileType = sourcecode.c.h; path = GunboundMainMenuViewController.h; sourceTree = "<group>"; };
		56BA2F8B111132AD00CB4BDB /* GunboundMainMenuViewController.m */ = {isa = PBXFileReference; fileEncoding = 4; lastKnownFileType = sourcecode.c.objc; path = GunboundMainMenuViewController.m; sourceTree = "<group>"; };
		56BA2F991111355700CB4BDB /* GunboundMainMenu.xib */ = {isa = PBXFileReference; lastKnownFileType = file.xib; path = GunboundMainMenu.xib; sourceTree = "<group>"; };
		6B358D2811198646008B98B8 /* angleArc.png */ = {isa = PBXFileReference; lastKnownFileType = image.png; path = angleArc.png; sourceTree = "<group>"; };
		6B358D2911198646008B98B8 /* angleArcBtn.png */ = {isa = PBXFileReference; lastKnownFileType = image.png; path = angleArcBtn.png; sourceTree = "<group>"; };
		6B358D2A11198646008B98B8 /* btnExit.png */ = {isa = PBXFileReference; lastKnownFileType = image.png; path = btnExit.png; sourceTree = "<group>"; };
		6B358D2B11198646008B98B8 /* btnFire.png */ = {isa = PBXFileReference; lastKnownFileType = image.png; path = btnFire.png; sourceTree = "<group>"; };
		6B358D2C11198646008B98B8 /* btnFirePressed.png */ = {isa = PBXFileReference; lastKnownFileType = image.png; path = btnFirePressed.png; sourceTree = "<group>"; };
		6B358D2D11198646008B98B8 /* btnMissileSelect.png */ = {isa = PBXFileReference; lastKnownFileType = image.png; path = btnMissileSelect.png; sourceTree = "<group>"; };
		6B358D2E11198646008B98B8 /* controllerBg.png */ = {isa = PBXFileReference; lastKnownFileType = image.png; path = controllerBg.png; sourceTree = "<group>"; };
		6B358D2F11198646008B98B8 /* powerGaugeSample.png */ = {isa = PBXFileReference; lastKnownFileType = image.png; path = powerGaugeSample.png; sourceTree = "<group>"; };
		6B358D4511198F31008B98B8 /* btnDownPressed.png */ = {isa = PBXFileReference; lastKnownFileType = image.png; name = btnDownPressed.png; path = images/btnDownPressed.png; sourceTree = SOURCE_ROOT; };
		6B358D4611198F31008B98B8 /* btnUpPressed.png */ = {isa = PBXFileReference; lastKnownFileType = image.png; name = btnUpPressed.png; path = images/btnUpPressed.png; sourceTree = SOURCE_ROOT; };
		6B358D4D1119917B008B98B8 /* btnMissileSelectPressed.png */ = {isa = PBXFileReference; lastKnownFileType = image.png; path = btnMissileSelectPressed.png; sourceTree = "<group>"; };
		8D1107310486CEB800E47090 /* iPhoneSandbox-Info.plist */ = {isa = PBXFileReference; fileEncoding = 4; lastKnownFileType = text.plist.xml; path = "iPhoneSandbox-Info.plist"; sourceTree = "<group>"; };
/* End PBXFileReference section */

/* Begin PBXFrameworksBuildPhase section */
		1D60588F0D05DD3D006BFB54 /* Frameworks */ = {
			isa = PBXFrameworksBuildPhase;
			buildActionMask = 2147483647;
			files = (
				1D60589F0D05DD5A006BFB54 /* Foundation.framework in Frameworks */,
				1DF5F4E00D08C38300B7A737 /* UIKit.framework in Frameworks */,
				288765A50DF7441C002DB57D /* CoreGraphics.framework in Frameworks */,
				28D801B40F44B63D00FB423F /* CoreData.framework in Frameworks */,
				1172353D11229E05003E9184 /* QuartzCore.framework in Frameworks */,
			);
			runOnlyForDeploymentPostprocessing = 0;
		};
/* End PBXFrameworksBuildPhase section */

/* Begin PBXGroup section */
		080E96DDFE201D6D7F000001 /* Classes */ = {
			isa = PBXGroup;
			children = (
				11BFAB911122963E00BC256F /* Avatar */,
				56BA2F891111328100CB4BDB /* Gunbound */,
				1D3623240D0F684500981E51 /* iPhoneSandboxAppDelegate.h */,
				1D3623250D0F684500981E51 /* iPhoneSandboxAppDelegate.m */,
			);
			path = Classes;
			sourceTree = "<group>";
		};
		11BFAB911122963E00BC256F /* Avatar */ = {
			isa = PBXGroup;
			children = (
				11BFAB98112296C500BC256F /* Mount.h */,
				11BFAB99112296C500BC256F /* Mount.m */,
				110190C5112B8AB9005436CA /* MountMuzzle.h */,
				110190C6112B8AB9005436CA /* MountMuzzle.m */,
				1143ACF81137ACC10040D909 /* MissileView.h */,
				1143ACF91137ACC10040D909 /* MissileView.m */,
				1143ACFB1137ACCF0040D909 /* Missile.h */,
				1143ACFC1137ACCF0040D909 /* Missile.m */,
			);
			name = Avatar;
			sourceTree = "<group>";
		};
		19C28FACFE9D520D11CA2CBB /* Products */ = {
			isa = PBXGroup;
			children = (
				1D6058910D05DD3D006BFB54 /* iPhoneSandbox.app */,
			);
			name = Products;
			sourceTree = "<group>";
		};
		29B97314FDCFA39411CA2CEA /* CustomTemplate */ = {
			isa = PBXGroup;
			children = (
				080E96DDFE201D6D7F000001 /* Classes */,
				29B97315FDCFA39411CA2CEA /* Other Sources */,
				29B97317FDCFA39411CA2CEA /* Resources */,
				29B97323FDCFA39411CA2CEA /* Frameworks */,
				19C28FACFE9D520D11CA2CBB /* Products */,
			);
			name = CustomTemplate;
			sourceTree = "<group>";
		};
		29B97315FDCFA39411CA2CEA /* Other Sources */ = {
			isa = PBXGroup;
			children = (
				32CA4F630368D1EE00C91783 /* iPhoneSandbox_Prefix.pch */,
				29B97316FDCFA39411CA2CEA /* main.m */,
			);
			name = "Other Sources";
			sourceTree = "<group>";
		};
		29B97317FDCFA39411CA2CEA /* Resources */ = {
			isa = PBXGroup;
			children = (
				56199795111033DD0018BC20 /* images */,
				561995A11110115F0018BC20 /* icons */,
				28C3AD890F43EF2300507BA6 /* iPhoneSandbox.xcdatamodel */,
				28AD733E0D9D9553002E5188 /* MainWindow.xib */,
				8D1107310486CEB800E47090 /* iPhoneSandbox-Info.plist */,
				561996D8111020B10018BC20 /* mini-apps.plist */,
				56BA2F991111355700CB4BDB /* GunboundMainMenu.xib */,
				11BD11F81111625D00066A18 /* GunBoundNewCharacterViewController.xib */,
				11BD23371119438400066A18 /* GunBoundGamePlayViewController.xib */,
			);
			name = Resources;
			sourceTree = "<group>";
		};
		29B97323FDCFA39411CA2CEA /* Frameworks */ = {
			isa = PBXGroup;
			children = (
				1DF5F4DF0D08C38300B7A737 /* UIKit.framework */,
				1D30AB110D05D00D00671497 /* Foundation.framework */,
				288765A40DF7441C002DB57D /* CoreGraphics.framework */,
				28D801B30F44B63D00FB423F /* CoreData.framework */,
				1172353C11229E05003E9184 /* QuartzCore.framework */,
			);
			name = Frameworks;
			sourceTree = "<group>";
		};
		561995A11110115F0018BC20 /* icons */ = {
			isa = PBXGroup;
			children = (
				6B358D4511198F31008B98B8 /* btnDownPressed.png */,
				6B358D4611198F31008B98B8 /* btnUpPressed.png */,
				561995A21110115F0018BC20 /* 01-refresh.png */,
				561995A31110115F0018BC20 /* 02-redo.png */,
				561995A41110115F0018BC20 /* 03-loopback.png */,
				561995A51110115F0018BC20 /* 04-squiggle.png */,
				561995A61110115F0018BC20 /* 05-shuffle.png */,
				561995A71110115F0018BC20 /* 06-magnifying-glass.png */,
				561995A81110115F0018BC20 /* 07-map-marker.png */,
				561995A91110115F0018BC20 /* 08-chat.png */,
				561995AA1110115F0018BC20 /* 09-chat2.png */,
				561995AB1110115F0018BC20 /* 10-medical.png */,
				561995AC1110115F0018BC20 /* 100-coffee.png */,
				561995AD1110115F0018BC20 /* 101-gameplan.png */,
				561995AE1110115F0018BC20 /* 102-walk.png */,
				561995AF1110115F0018BC20 /* 103-map.png */,
				561995B01110115F0018BC20 /* 104-index-cards.png */,
				561995B11110115F0018BC20 /* 105-piano.png */,
				561995B21110115F0018BC20 /* 106-sliders.png */,
				561995B31110115F0018BC20 /* 107-widescreen.png */,
				561995B41110115F0018BC20 /* 108-badge.png */,
				561995B51110115F0018BC20 /* 109-chicken.png */,
				561995B61110115F0018BC20 /* 11-clock.png */,
				561995B71110115F0018BC20 /* 110-bug.png */,
				561995B81110115F0018BC20 /* 12-eye.png */,
				561995B91110115F0018BC20 /* 13-target.png */,
				561995BA1110115F0018BC20 /* 14-tag.png */,
				561995BB1110115F0018BC20 /* 15-tags.png */,
				561995BC1110115F0018BC20 /* 16-line-chart.png */,
				561995BD1110115F0018BC20 /* 17-bar-chart.png */,
				561995BE1110115F0018BC20 /* 18-envelope.png */,
				561995BF1110115F0018BC20 /* 19-gear.png */,
				561995C01110115F0018BC20 /* 20-gear2.png */,
				561995C11110115F0018BC20 /* 21-skull.png */,
				561995C21110115F0018BC20 /* 22-skull-n-crossbones.png */,
				561995C31110115F0018BC20 /* 23-bird.png */,
				561995C41110115F0018BC20 /* 24-gift.png */,
				561995C51110115F0018BC20 /* 25-weather.png */,
				561995C61110115F0018BC20 /* 26-bandaid.png */,
				561995C71110115F0018BC20 /* 27-planet.png */,
				561995C81110115F0018BC20 /* 28-star.png */,
				561995C91110115F0018BC20 /* 29-heart.png */,
				561995CA1110115F0018BC20 /* 30-key.png */,
				561995CB1110115F0018BC20 /* 31-ipod.png */,
				561995CC1110115F0018BC20 /* 32-iphone.png */,
				561995CD1110115F0018BC20 /* 33-cabinet.png */,
				561995CE1110115F0018BC20 /* 34-coffee.png */,
				561995CF1110115F0018BC20 /* 35-shopping-bag.png */,
				561995D01110115F0018BC20 /* 36-toolbox.png */,
				561995D11110115F0018BC20 /* 37-suitcase.png */,
				561995D21110115F0018BC20 /* 38-airplane.png */,
				561995D31110115F0018BC20 /* 39-spraycan.png */,
				561995D41110115F0018BC20 /* 40-inbox.png */,
				561995D51110115F0018BC20 /* 41-picture-frame.png */,
				561995D61110115F0018BC20 /* 42-photos.png */,
				561995D71110115F0018BC20 /* 43-film-roll.png */,
				561995D81110115F0018BC20 /* 44-shoebox.png */,
				561995D91110115F0018BC20 /* 45-movie1.png */,
				561995DA1110115F0018BC20 /* 46-movie2.png */,
				561995DB1110115F0018BC20 /* 47-fuel.png */,
				561995DC1110115F0018BC20 /* 48-fork-and-knife.png */,
				561995DD1110115F0018BC20 /* 49-battery.png */,
				561995DE1110115F0018BC20 /* 50-beaker.png */,
				561995DF1110115F0018BC20 /* 51-outlet.png */,
				561995E01110115F0018BC20 /* 52-pinetree.png */,
				561995E11110115F0018BC20 /* 53-house.png */,
				561995E21110115F0018BC20 /* 54-lock.png */,
				561995E31110115F0018BC20 /* 55-network.png */,
				561995E41110115F0018BC20 /* 56-cloud.png */,
				561995E51110115F0018BC20 /* 57-download.png */,
				561995E61110115F0018BC20 /* 58-bookmark.png */,
				561995E71110115F0018BC20 /* 59-flag.png */,
				561995E81110115F0018BC20 /* 60-signpost.png */,
				561995E91110115F0018BC20 /* 61-brightness.png */,
				561995EA1110115F0018BC20 /* 62-contrast.png */,
				561995EB1110115F0018BC20 /* 63-runner.png */,
				561995EC1110115F0018BC20 /* 64-zap.png */,
				561995ED1110115F0018BC20 /* 65-note.png */,
				561995EE1110115F0018BC20 /* 66-microphone.png */,
				561995EF1110115F0018BC20 /* 67-tshirt.png */,
				561995F01110115F0018BC20 /* 68-paperclip.png */,
				561995F11110115F0018BC20 /* 69-display.png */,
				561995F21110115F0018BC20 /* 70-tv.png */,
				561995F31110115F0018BC20 /* 71-compass.png */,
				561995F41110115F0018BC20 /* 72-pin.png */,
				561995F51110115F0018BC20 /* 73-radar.png */,
				561995F61110115F0018BC20 /* 74-location.png */,
				561995F71110115F0018BC20 /* 75-phone.png */,
				561995F81110115F0018BC20 /* 76-baby.png */,
				561995F91110115F0018BC20 /* 77-ekg.png */,
				561995FA1110115F0018BC20 /* 78-stopwatch.png */,
				561995FB1110115F0018BC20 /* 79-medical-bag.png */,
				561995FC1110115F0018BC20 /* 80-shopping-cart.png */,
				561995FD1110115F0018BC20 /* 81-dashboard.png */,
				561995FE1110115F0018BC20 /* 82-dogpaw.png */,
				561995FF1110115F0018BC20 /* 83-calendar.png */,
				561996001110115F0018BC20 /* 84-lightbulb.png */,
				561996011110115F0018BC20 /* 85-trophy.png */,
				561996021110115F0018BC20 /* 86-camera.png */,
				561996031110115F0018BC20 /* 87-wineglass.png */,
				561996041110115F0018BC20 /* 88-beermug.png */,
				561996051110115F0018BC20 /* 89-dumbbell.png */,
				561996061110115F0018BC20 /* 90-lifebuoy.png */,
				561996071110115F0018BC20 /* 91-beaker2.png */,
				561996081110115F0018BC20 /* 92-testtube.png */,
				561996091110115F0018BC20 /* 93-thermometer.png */,
				5619960A1110115F0018BC20 /* 94-pill.png */,
				5619960B1110115F0018BC20 /* 95-equalizer.png */,
				5619960C1110115F0018BC20 /* 96-book.png */,
				5619960D1110115F0018BC20 /* 97-puzzle.png */,
				5619960E1110115F0018BC20 /* 98-palette.png */,
				5619960F1110115F0018BC20 /* 99-umbrella.png */,
			);
			path = icons;
			sourceTree = "<group>";
		};
		56199795111033DD0018BC20 /* images */ = {
			isa = PBXGroup;
			children = (
				1176D689113B8815007409AD /* missile.png */,
				6B358D4D1119917B008B98B8 /* btnMissileSelectPressed.png */,
				6B358D2811198646008B98B8 /* angleArc.png */,
				6B358D2911198646008B98B8 /* angleArcBtn.png */,
				6B358D2A11198646008B98B8 /* btnExit.png */,
				6B358D2B11198646008B98B8 /* btnFire.png */,
				6B358D2C11198646008B98B8 /* btnFirePressed.png */,
				6B358D2D11198646008B98B8 /* btnMissileSelect.png */,
				6B358D2E11198646008B98B8 /* controllerBg.png */,
				6B358D2F11198646008B98B8 /* powerGaugeSample.png */,
				11BD237711194D7C00066A18 /* bg01.png */,
				11BD237811194D7C00066A18 /* btnDown.png */,
				11BD237911194D7C00066A18 /* btnUp.png */,
				56199796111033DD0018BC20 /* 1.png */,
				56199797111033DD0018BC20 /* 2.png */,
			);
			path = images;
			sourceTree = "<group>";
		};
		56BA2F891111328100CB4BDB /* Gunbound */ = {
			isa = PBXGroup;
			children = (
				56BA2F8A111132AD00CB4BDB /* GunboundMainMenuViewController.h */,
				56BA2F8B111132AD00CB4BDB /* GunboundMainMenuViewController.m */,
				11BD11F61111625D00066A18 /* GunBoundNewCharacterViewController.h */,
				11BD11F71111625D00066A18 /* GunBoundNewCharacterViewController.m */,
				11BD23351119438400066A18 /* GunBoundGamePlayViewController.h */,
				11BD23361119438400066A18 /* GunBoundGamePlayViewController.m */,
			);
			name = Gunbound;
			sourceTree = "<group>";
		};
/* End PBXGroup section */

/* Begin PBXNativeTarget section */
		1D6058900D05DD3D006BFB54 /* iPhoneSandbox */ = {
			isa = PBXNativeTarget;
			buildConfigurationList = 1D6058960D05DD3E006BFB54 /* Build configuration list for PBXNativeTarget "iPhoneSandbox" */;
			buildPhases = (
				1D60588D0D05DD3D006BFB54 /* Resources */,
				1D60588E0D05DD3D006BFB54 /* Sources */,
				1D60588F0D05DD3D006BFB54 /* Frameworks */,
			);
			buildRules = (
			);
			dependencies = (
			);
			name = iPhoneSandbox;
			productName = iPhoneSandbox;
			productReference = 1D6058910D05DD3D006BFB54 /* iPhoneSandbox.app */;
			productType = "com.apple.product-type.application";
		};
/* End PBXNativeTarget section */

/* Begin PBXProject section */
		29B97313FDCFA39411CA2CEA /* Project object */ = {
			isa = PBXProject;
			buildConfigurationList = C01FCF4E08A954540054247B /* Build configuration list for PBXProject "iPhoneSandbox" */;
			compatibilityVersion = "Xcode 3.1";
			hasScannedForEncodings = 1;
			mainGroup = 29B97314FDCFA39411CA2CEA /* CustomTemplate */;
			projectDirPath = "";
			projectRoot = "";
			targets = (
				1D6058900D05DD3D006BFB54 /* iPhoneSandbox */,
			);
		};
/* End PBXProject section */

/* Begin PBXResourcesBuildPhase section */
		1D60588D0D05DD3D006BFB54 /* Resources */ = {
			isa = PBXResourcesBuildPhase;
			buildActionMask = 2147483647;
			files = (
				28AD733F0D9D9553002E5188 /* MainWindow.xib in Resources */,
				561996101110115F0018BC20 /* 01-refresh.png in Resources */,
				561996111110115F0018BC20 /* 02-redo.png in Resources */,
				561996121110115F0018BC20 /* 03-loopback.png in Resources */,
				561996131110115F0018BC20 /* 04-squiggle.png in Resources */,
				561996141110115F0018BC20 /* 05-shuffle.png in Resources */,
				561996151110115F0018BC20 /* 06-magnifying-glass.png in Resources */,
				561996161110115F0018BC20 /* 07-map-marker.png in Resources */,
				561996171110115F0018BC20 /* 08-chat.png in Resources */,
				561996181110115F0018BC20 /* 09-chat2.png in Resources */,
				561996191110115F0018BC20 /* 10-medical.png in Resources */,
				5619961A1110115F0018BC20 /* 100-coffee.png in Resources */,
				5619961B1110115F0018BC20 /* 101-gameplan.png in Resources */,
				5619961C1110115F0018BC20 /* 102-walk.png in Resources */,
				5619961D1110115F0018BC20 /* 103-map.png in Resources */,
				5619961E1110115F0018BC20 /* 104-index-cards.png in Resources */,
				5619961F1110115F0018BC20 /* 105-piano.png in Resources */,
				561996201110115F0018BC20 /* 106-sliders.png in Resources */,
				561996211110115F0018BC20 /* 107-widescreen.png in Resources */,
				561996221110115F0018BC20 /* 108-badge.png in Resources */,
				561996231110115F0018BC20 /* 109-chicken.png in Resources */,
				561996241110115F0018BC20 /* 11-clock.png in Resources */,
				561996251110115F0018BC20 /* 110-bug.png in Resources */,
				561996261110115F0018BC20 /* 12-eye.png in Resources */,
				561996271110115F0018BC20 /* 13-target.png in Resources */,
				561996281110115F0018BC20 /* 14-tag.png in Resources */,
				561996291110115F0018BC20 /* 15-tags.png in Resources */,
				5619962A1110115F0018BC20 /* 16-line-chart.png in Resources */,
				5619962B1110115F0018BC20 /* 17-bar-chart.png in Resources */,
				5619962C1110115F0018BC20 /* 18-envelope.png in Resources */,
				5619962D1110115F0018BC20 /* 19-gear.png in Resources */,
				5619962E1110115F0018BC20 /* 20-gear2.png in Resources */,
				5619962F1110115F0018BC20 /* 21-skull.png in Resources */,
				561996301110115F0018BC20 /* 22-skull-n-crossbones.png in Resources */,
				561996311110115F0018BC20 /* 23-bird.png in Resources */,
				561996321110115F0018BC20 /* 24-gift.png in Resources */,
				561996331110115F0018BC20 /* 25-weather.png in Resources */,
				561996341110115F0018BC20 /* 26-bandaid.png in Resources */,
				561996351110115F0018BC20 /* 27-planet.png in Resources */,
				561996361110115F0018BC20 /* 28-star.png in Resources */,
				561996371110115F0018BC20 /* 29-heart.png in Resources */,
				561996381110115F0018BC20 /* 30-key.png in Resources */,
				561996391110115F0018BC20 /* 31-ipod.png in Resources */,
				5619963A1110115F0018BC20 /* 32-iphone.png in Resources */,
				5619963B1110115F0018BC20 /* 33-cabinet.png in Resources */,
				5619963C1110115F0018BC20 /* 34-coffee.png in Resources */,
				5619963D1110115F0018BC20 /* 35-shopping-bag.png in Resources */,
				5619963E1110115F0018BC20 /* 36-toolbox.png in Resources */,
				5619963F1110115F0018BC20 /* 37-suitcase.png in Resources */,
				561996401110115F0018BC20 /* 38-airplane.png in Resources */,
				561996411110115F0018BC20 /* 39-spraycan.png in Resources */,
				561996421110115F0018BC20 /* 40-inbox.png in Resources */,
				561996431110115F0018BC20 /* 41-picture-frame.png in Resources */,
				561996441110115F0018BC20 /* 42-photos.png in Resources */,
				561996451110115F0018BC20 /* 43-film-roll.png in Resources */,
				561996461110115F0018BC20 /* 44-shoebox.png in Resources */,
				561996471110115F0018BC20 /* 45-movie1.png in Resources */,
				561996481110115F0018BC20 /* 46-movie2.png in Resources */,
				561996491110115F0018BC20 /* 47-fuel.png in Resources */,
				5619964A1110115F0018BC20 /* 48-fork-and-knife.png in Resources */,
				5619964B1110115F0018BC20 /* 49-battery.png in Resources */,
				5619964C1110115F0018BC20 /* 50-beaker.png in Resources */,
				5619964D1110115F0018BC20 /* 51-outlet.png in Resources */,
				5619964E1110115F0018BC20 /* 52-pinetree.png in Resources */,
				5619964F1110115F0018BC20 /* 53-house.png in Resources */,
				561996501110115F0018BC20 /* 54-lock.png in Resources */,
				561996511110115F0018BC20 /* 55-network.png in Resources */,
				561996521110115F0018BC20 /* 56-cloud.png in Resources */,
				561996531110115F0018BC20 /* 57-download.png in Resources */,
				561996541110115F0018BC20 /* 58-bookmark.png in Resources */,
				561996551110115F0018BC20 /* 59-flag.png in Resources */,
				561996561110115F0018BC20 /* 60-signpost.png in Resources */,
				561996571110115F0018BC20 /* 61-brightness.png in Resources */,
				561996581110115F0018BC20 /* 62-contrast.png in Resources */,
				561996591110115F0018BC20 /* 63-runner.png in Resources */,
				5619965A1110115F0018BC20 /* 64-zap.png in Resources */,
				5619965B1110115F0018BC20 /* 65-note.png in Resources */,
				5619965C1110115F0018BC20 /* 66-microphone.png in Resources */,
				5619965D1110115F0018BC20 /* 67-tshirt.png in Resources */,
				5619965E1110115F0018BC20 /* 68-paperclip.png in Resources */,
				5619965F1110115F0018BC20 /* 69-display.png in Resources */,
				561996601110115F0018BC20 /* 70-tv.png in Resources */,
				561996611110115F0018BC20 /* 71-compass.png in Resources */,
				561996621110115F0018BC20 /* 72-pin.png in Resources */,
				561996631110115F0018BC20 /* 73-radar.png in Resources */,
				561996641110115F0018BC20 /* 74-location.png in Resources */,
				561996651110115F0018BC20 /* 75-phone.png in Resources */,
				561996661110115F0018BC20 /* 76-baby.png in Resources */,
				561996671110115F0018BC20 /* 77-ekg.png in Resources */,
				561996681110115F0018BC20 /* 78-stopwatch.png in Resources */,
				561996691110115F0018BC20 /* 79-medical-bag.png in Resources */,
				5619966A1110115F0018BC20 /* 80-shopping-cart.png in Resources */,
				5619966B1110115F0018BC20 /* 81-dashboard.png in Resources */,
				5619966C1110115F0018BC20 /* 82-dogpaw.png in Resources */,
				5619966D1110115F0018BC20 /* 83-calendar.png in Resources */,
				5619966E1110115F0018BC20 /* 84-lightbulb.png in Resources */,
				5619966F1110115F0018BC20 /* 85-trophy.png in Resources */,
				561996701110115F0018BC20 /* 86-camera.png in Resources */,
				561996711110115F0018BC20 /* 87-wineglass.png in Resources */,
				561996721110115F0018BC20 /* 88-beermug.png in Resources */,
				561996731110115F0018BC20 /* 89-dumbbell.png in Resources */,
				561996741110115F0018BC20 /* 90-lifebuoy.png in Resources */,
				561996751110115F0018BC20 /* 91-beaker2.png in Resources */,
				561996761110115F0018BC20 /* 92-testtube.png in Resources */,
				561996771110115F0018BC20 /* 93-thermometer.png in Resources */,
				561996781110115F0018BC20 /* 94-pill.png in Resources */,
				561996791110115F0018BC20 /* 95-equalizer.png in Resources */,
				5619967A1110115F0018BC20 /* 96-book.png in Resources */,
				5619967B1110115F0018BC20 /* 97-puzzle.png in Resources */,
				5619967C1110115F0018BC20 /* 98-palette.png in Resources */,
				5619967D1110115F0018BC20 /* 99-umbrella.png in Resources */,
				561996D9111020B10018BC20 /* mini-apps.plist in Resources */,
				56199798111033DD0018BC20 /* 1.png in Resources */,
				56199799111033DD0018BC20 /* 2.png in Resources */,
				56BA2F9A1111355700CB4BDB /* GunboundMainMenu.xib in Resources */,
				11BD11FA1111625D00066A18 /* GunBoundNewCharacterViewController.xib in Resources */,
				11BD23391119438400066A18 /* GunBoundGamePlayViewController.xib in Resources */,
				11BD237A11194D7C00066A18 /* bg01.png in Resources */,
				11BD237B11194D7C00066A18 /* btnDown.png in Resources */,
				11BD237C11194D7C00066A18 /* btnUp.png in Resources */,
				6B358D3011198646008B98B8 /* angleArc.png in Resources */,
				6B358D3111198646008B98B8 /* angleArcBtn.png in Resources */,
				6B358D3211198646008B98B8 /* btnExit.png in Resources */,
				6B358D3311198646008B98B8 /* btnFire.png in Resources */,
				6B358D3411198646008B98B8 /* btnFirePressed.png in Resources */,
				6B358D3511198646008B98B8 /* btnMissileSelect.png in Resources */,
				6B358D3611198646008B98B8 /* controllerBg.png in Resources */,
				6B358D3711198646008B98B8 /* powerGaugeSample.png in Resources */,
				6B358D4711198F31008B98B8 /* btnDownPressed.png in Resources */,
				6B358D4811198F31008B98B8 /* btnUpPressed.png in Resources */,
				6B358D4E1119917B008B98B8 /* btnMissileSelectPressed.png in Resources */,
				1176D68A113B8815007409AD /* missile.png in Resources */,
			);
			runOnlyForDeploymentPostprocessing = 0;
		};
/* End PBXResourcesBuildPhase section */

/* Begin PBXSourcesBuildPhase section */
		1D60588E0D05DD3D006BFB54 /* Sources */ = {
			isa = PBXSourcesBuildPhase;
			buildActionMask = 2147483647;
			files = (
				1D60589B0D05DD56006BFB54 /* main.m in Sources */,
				1D3623260D0F684500981E51 /* iPhoneSandboxAppDelegate.m in Sources */,
				28C3AD8A0F43EF2300507BA6 /* iPhoneSandbox.xcdatamodel in Sources */,
				56BA2F8C111132AD00CB4BDB /* GunboundMainMenuViewController.m in Sources */,
				11BD11F91111625D00066A18 /* GunBoundNewCharacterViewController.m in Sources */,
				11BD23381119438400066A18 /* GunBoundGamePlayViewController.m in Sources */,
				11BFAB9A112296C500BC256F /* Mount.m in Sources */,
				110190C7112B8AB9005436CA /* MountMuzzle.m in Sources */,
				1143ACFA1137ACC10040D909 /* MissileView.m in Sources */,
				1143ACFD1137ACCF0040D909 /* Missile.m in Sources */,
			);
			runOnlyForDeploymentPostprocessing = 0;
		};
/* End PBXSourcesBuildPhase section */

/* Begin XCBuildConfiguration section */
		1D6058940D05DD3E006BFB54 /* Debug */ = {
			isa = XCBuildConfiguration;
			buildSettings = {
				ALWAYS_SEARCH_USER_PATHS = NO;
				COPY_PHASE_STRIP = NO;
				FRAMEWORK_SEARCH_PATHS = (
					"$(inherited)",
					"\"/Volumes/Skiiing2/CD/ViewBased/Unknown Path/System/Library/Frameworks\"",
				);
				GCC_DYNAMIC_NO_PIC = NO;
				GCC_OPTIMIZATION_LEVEL = 0;
				GCC_PRECOMPILE_PREFIX_HEADER = YES;
				GCC_PREFIX_HEADER = iPhoneSandbox_Prefix.pch;
				INFOPLIST_FILE = "iPhoneSandbox-Info.plist";
				PRODUCT_NAME = iPhoneSandbox;
			};
			name = Debug;
		};
		1D6058950D05DD3E006BFB54 /* Release */ = {
			isa = XCBuildConfiguration;
			buildSettings = {
				ALWAYS_SEARCH_USER_PATHS = NO;
				COPY_PHASE_STRIP = YES;
				FRAMEWORK_SEARCH_PATHS = (
					"$(inherited)",
					"\"/Volumes/Skiiing2/CD/ViewBased/Unknown Path/System/Library/Frameworks\"",
				);
				GCC_PRECOMPILE_PREFIX_HEADER = YES;
				GCC_PREFIX_HEADER = iPhoneSandbox_Prefix.pch;
				INFOPLIST_FILE = "iPhoneSandbox-Info.plist";
				PRODUCT_NAME = iPhoneSandbox;
			};
			name = Release;
		};
		C01FCF4F08A954540054247B /* Debug */ = {
			isa = XCBuildConfiguration;
			buildSettings = {
				ARCHS = "$(ARCHS_STANDARD_32_BIT)";
				"CODE_SIGN_IDENTITY[sdk=iphoneos*]" = "iPhone Developer";
				GCC_C_LANGUAGE_STANDARD = c99;
				GCC_WARN_ABOUT_RETURN_TYPE = YES;
				GCC_WARN_UNUSED_VARIABLE = YES;
				PREBINDING = NO;
				SDKROOT = iphoneos3.1.2;
			};
			name = Debug;
		};
		C01FCF5008A954540054247B /* Release */ = {
			isa = XCBuildConfiguration;
			buildSettings = {
				ARCHS = "$(ARCHS_STANDARD_32_BIT)";
				"CODE_SIGN_IDENTITY[sdk=iphoneos*]" = "iPhone Developer";
				GCC_C_LANGUAGE_STANDARD = c99;
				GCC_WARN_ABOUT_RETURN_TYPE = YES;
				GCC_WARN_UNUSED_VARIABLE = YES;
				PREBINDING = NO;
				SDKROOT = iphoneos3.1.2;
			};
			name = Release;
		};
/* End XCBuildConfiguration section */

/* Begin XCConfigurationList section */
		1D6058960D05DD3E006BFB54 /* Build configuration list for PBXNativeTarget "iPhoneSandbox" */ = {
			isa = XCConfigurationList;
			buildConfigurations = (
				1D6058940D05DD3E006BFB54 /* Debug */,
				1D6058950D05DD3E006BFB54 /* Release */,
			);
			defaultConfigurationIsVisible = 0;
			defaultConfigurationName = Release;
		};
		C01FCF4E08A954540054247B /* Build configuration list for PBXProject "iPhoneSandbox" */ = {
			isa = XCConfigurationList;
			buildConfigurations = (
				C01FCF4F08A954540054247B /* Debug */,
				C01FCF5008A954540054247B /* Release */,
			);
			defaultConfigurationIsVisible = 0;
			defaultConfigurationName = Release;
		};
/* End XCConfigurationList section */
	};
	rootObject = 29B97313FDCFA39411CA2CEA /* Project object */;
}
